
Microsoft Visual Studio Solution File, Format Version 12.00
# Visual Studio Version 17
VisualStudioVersion = 17.5.002.0
MinimumVisualStudioVersion = 10.0.40219.1
Project("{9A19103F-16F7-4668-BE54-9A1E7A4F7556}") = "backEnd", "backEnd.csproj", "{A3F127CC-EE4D-4E5C-BB30-82AEC332C4EB}"
EndProject
Global
	GlobalSection(SolutionConfigurationPlatforms) = preSolution
		Debug|Any CPU = Debug|Any CPU
		Release|Any CPU = Release|Any CPU
	EndGlobalSection
	GlobalSection(ProjectConfigurationPlatforms) = postSolution
		{A3F127CC-EE4D-4E5C-BB30-82AEC332C4EB}.Debug|Any CPU.ActiveCfg = Debug|Any CPU
		{A3F127CC-EE4D-4E5C-BB30-82AEC332C4EB}.Debug|Any CPU.Build.0 = Debug|Any CPU
		{A3F127CC-EE4D-4E5C-BB30-82AEC332C4EB}.Release|Any CPU.ActiveCfg = Release|Any CPU
		{A3F127CC-EE4D-4E5C-BB30-82AEC332C4EB}.Release|Any CPU.Build.0 = Release|Any CPU
	EndGlobalSection
	GlobalSection(SolutionProperties) = preSolution
		HideSolutionNode = FALSE
	EndGlobalSection
	GlobalSection(ExtensibilityGlobals) = postSolution
		SolutionGuid = {2CD87326-6A39-4E95-9424-4D1A038A8692}
	EndGlobalSection
EndGlobal
